<?xml version="1.0" encoding="utf-8"?>
<Project ToolsVersion="4.0" xmlns="http://schemas.microsoft.com/developer/msbuild/2003">
  <ItemGroup>
    <Filter Include="Source Files">
      <UniqueIdentifier>{4FC737F1-C7A5-4376-A066-2A32D752A2FF}</UniqueIdentifier>
      <Extensions>cpp;c;cc;cxx;def;odl;idl;hpj;bat;asm;asmx</Extensions>
    </Filter>
    <Filter Include="Header Files">
      <UniqueIdentifier>{93995380-89BD-4b04-88EB-625FBE52EBFB}</UniqueIdentifier>
      <Extensions>h;hh;hpp;hxx;hm;inl;inc;xsd</Extensions>
    </Filter>
    <Filter Include="Resource Files">
      <UniqueIdentifier>{67DA6AB6-F800-4c08-8B7A-83BB121AAD01}</UniqueIdentifier>
      <Extensions>rc;ico;cur;bmp;dlg;rc2;rct;bin;rgs;gif;jpg;jpeg;jpe;resx;tiff;tif;png;wav;mfcribbon-ms</Extensions>
    </Filter>
    <Filter Include="Test">
      <UniqueIdentifier>{b34dc4b1-86e0-427a-990e-8777d0021bc0}</UniqueIdentifier>
    </Filter>
  </ItemGroup>
  <ItemGroup>
    <ClInclude Include="stdafx.h">
      <Filter>Header Files</Filter>
    </ClInclude>
    <ClInclude Include="targetver.h">
      <Filter>Header Files</Filter>
    </ClInclude>
    <ClInclude Include="Types.h">
      <Filter>Header Files</Filter>
    </ClInclude>
    <ClInclude Include="LinkedListTest.h">
      <Filter>Header Files</Filter>
    </ClInclude>
    <ClInclude Include="Test.h">
      <Filter>Header Files</Filter>
    </ClInclude>
    <ClInclude Include="Util.h">
      <Filter>Header Files</Filter>
    </ClInclude>
    <ClInclude Include="LinkedList.h">
      <Filter>Header Files</Filter>
    </ClInclude>
  </ItemGroup>
  <ItemGroup>
    <ClCompile Include="stdafx.cpp">
      <Filter>Source Files</Filter>
    </ClCompile>
    <ClCompile Include="main.c">
      <Filter>Source Files</Filter>
    </ClCompile>
    <ClCompile Include="Test.c">
      <Filter>Source Files</Filter>
    </ClCompile>
    <ClCompile Include="13-linkedlist-diff.c">
      <Filter>Source Files</Filter>
    </ClCompile>
    <ClCompile Include="10-linkedlist-find-merge-point.c">
      <Filter>Source Files</Filter>
    </ClCompile>
    <ClCompile Include="12-linkedlist-intersect.c">
      <Filter>Source Files</Filter>
    </ClCompile>
    <ClCompile Include="11-linkedlist-split.c">
      <Filter>Source Files</Filter>
    </ClCompile>
    <ClCompile Include="Util.c">
      <Filter>Source Files</Filter>
    </ClCompile>
    <ClCompile Include="10-linkedlist-find-merge-point-test.c">
      <Filter>Test</Filter>
    </ClCompile>
    <ClCompile Include="11-linkedlist-split-test.c">
      <Filter>Test</Filter>
    </ClCompile>
    <ClCompile Include="12-linkedlist-intersect-test.c">
      <Filter>Test</Filter>
    </ClCompile>
    <ClCompile Include="13-linkedlist-diff-test.c">
      <Filter>Test</Filter>
    </ClCompile>
    <ClCompile Include="02-linkedlist-insert-test.c">
      <Filter>Test</Filter>
    </ClCompile>
    <ClCompile Include="03-linkedlist-delete.c">
      <Filter>Source Files</Filter>
    </ClCompile>
    <ClCompile Include="03-linkedlist-delete-test.c">
      <Filter>Test</Filter>
    </ClCompile>
    <ClCompile Include="04-linkedlist-reverse-test.c">
      <Filter>Test</Filter>
    </ClCompile>
    <ClCompile Include="05-linkedlist-compare.c">
      <Filter>Source Files</Filter>
    </ClCompile>
    <ClCompile Include="05-linkedlist-compare-test.c">
      <Filter>Test</Filter>
    </ClCompile>
    <ClCompile Include="06-linkedlist-merge.c">
      <Filter>Source Files</Filter>
    </ClCompile>
    <ClCompile Include="06-linkedlist-merge-test.c">
      <Filter>Test</Filter>
    </ClCompile>
    <ClCompile Include="07-linkedlist-get.c">
      <Filter>Source Files</Filter>
    </ClCompile>
    <ClCompile Include="07-linkedlist-get-test.c">
      <Filter>Test</Filter>
    </ClCompile>
    <ClCompile Include="08-linkedlist-distinct.c">
      <Filter>Source Files</Filter>
    </ClCompile>
    <ClCompile Include="08-linkedlist-distinct-test.c">
      <Filter>Test</Filter>
    </ClCompile>
    <ClCompile Include="09-linkedlist-cycle-detection.c">
      <Filter>Source Files</Filter>
    </ClCompile>
    <ClCompile Include="09-linkedlist-cycle-detection-test.c">
      <Filter>Test</Filter>
    </ClCompile>
    <ClCompile Include="04-linkedlist-reverse.c">
      <Filter>Source Files</Filter>
    </ClCompile>
    <ClCompile Include="02-linkedlist-insert.c">
      <Filter>Source Files</Filter>
    </ClCompile>
    <ClCompile Include="01-linkedlist-create.c">
      <Filter>Source Files</Filter>
    </ClCompile>
    <ClCompile Include="01-linkedlist-create-test.c">
      <Filter>Test</Filter>
    </ClCompile>
    <ClCompile Include="99-linkedlist-print.c">
      <Filter>Source Files</Filter>
    </ClCompile>
    <ClCompile Include="99-linkedlist-print-test.c">
      <Filter>Test</Filter>
    </ClCompile>
  </ItemGroup>
  <ItemGroup>
    <Xsd Include="readme.md">
      <Filter>Header Files</Filter>
    </Xsd>
  </ItemGroup>
</Project>